
Microsoft Visual Studio Solution File, Format Version 12.00
# Visual Studio Version 17
VisualStudioVersion = 17.5.33530.505
MinimumVisualStudioVersion = 10.0.40219.1
Project("{FAE04EC0-301F-11D3-BF4B-00C04F79EFBC}") = "FailedCodeAlert", "FailedCodeAlert.csproj", "{EE2CB99E-BCE4-4A28-9E91-19B3B66D7452}"
EndProject
Global
	GlobalSection(SolutionConfigurationPlatforms) = preSolution
		Debug|Any CPU = Debug|Any CPU
		Release|Any CPU = Release|Any CPU
	EndGlobalSection
	GlobalSection(ProjectConfigurationPlatforms) = postSolution
		{EE2CB99E-BCE4-4A28-9E91-19B3B66D7452}.Debug|Any CPU.ActiveCfg = Debug|Any CPU
		{EE2CB99E-BCE4-4A28-9E91-19B3B66D7452}.Debug|Any CPU.Build.0 = Debug|Any CPU
		{EE2CB99E-BCE4-4A28-9E91-19B3B66D7452}.Release|Any CPU.ActiveCfg = Release|Any CPU
		{EE2CB99E-BCE4-4A28-9E91-19B3B66D7452}.Release|Any CPU.Build.0 = Release|Any CPU
	EndGlobalSection
	GlobalSection(SolutionProperties) = preSolution
		HideSolutionNode = FALSE
	EndGlobalSection
	GlobalSection(ExtensibilityGlobals) = postSolution
		SolutionGuid = {4E1CD46A-6B1B-420C-80D6-3E466652DB6D}
	EndGlobalSection
EndGlobal
